
Microsoft Visual Studio Solution File, Format Version 12.00
# Visual Studio 15
VisualStudioVersion = 15.0.28010.2016
MinimumVisualStudioVersion = 10.0.40219.1
Project("{FAE04EC0-301F-11D3-BF4B-00C04F79EFBC}") = "ConsoleApp5", "ConsoleApp5\ConsoleApp5.csproj", "{CEF45F7D-C693-4875-9CA9-74C45D0B12B0}"
EndProject
Global
	GlobalSection(SolutionConfigurationPlatforms) = preSolution
		Debug|Any CPU = Debug|Any CPU
		Release|Any CPU = Release|Any CPU
	EndGlobalSection
	GlobalSection(ProjectConfigurationPlatforms) = postSolution
		{CEF45F7D-C693-4875-9CA9-74C45D0B12B0}.Debug|Any CPU.ActiveCfg = Debug|Any CPU
		{CEF45F7D-C693-4875-9CA9-74C45D0B12B0}.Debug|Any CPU.Build.0 = Debug|Any CPU
		{CEF45F7D-C693-4875-9CA9-74C45D0B12B0}.Release|Any CPU.ActiveCfg = Release|Any CPU
		{CEF45F7D-C693-4875-9CA9-74C45D0B12B0}.Release|Any CPU.Build.0 = Release|Any CPU
	EndGlobalSection
	GlobalSection(SolutionProperties) = preSolution
		HideSolutionNode = FALSE
	EndGlobalSection
	GlobalSection(ExtensibilityGlobals) = postSolution
		SolutionGuid = {178B5D8E-B75B-429A-9040-E7832900BFB7}
	EndGlobalSection
EndGlobal
